{
  "name": "open-muse-macos",
  "lockfileVersion": 3,
  "requires": true,
  "packages": {
    "": {
      "name": "open-muse-macos",
      "dependencies": {
        "@tiptap/core": "3.31.3",
        "@tiptap/extension-table": "3.31.3",
        "@tiptap/markdown": "3.31.3",
        "@tiptap/starter-kit": "3.31.3"
      },
      "devDependencies": {
        "happy-dom": "20.14.5"
      }
    },
    "node_modules/@tiptap/core": {
      "version": "3.31.3",
      "resolved": "https://registry.npmjs.org/@tiptap/core/-/core-3.31.3.tgz",
      "integrity": "sha512-Cz50pvciQrxdSxgTkHOVz0uD0Yl/8Xt0QatGD6ILm47jW8EzyHR9RkUGs/D5IqzXKuVPntfw1ttaT926vXfiRg==",
      "license": "MIT",
      "funding": {
        "type": "github",
        "url": "https://github.com/sponsors/ueberdosis"
      },
      "peerDependencies": {
        "@tiptap/pm": "3.31.3"
      }
    },
    "node_modules/@tiptap/extension-blockquote": {
      "version": "3.31.3",
      "resolved": "https://registry.npmjs.org/@tiptap/extension-blockquote/-/extension-blockquote-3.31.3.tgz",
      "integrity": "sha512-fyY2XMbyDDDfOTQ1Qdrnqa1qwC9DWE4n7AfE0EKQI0G8MfLV8RaDlLDcOZDJ9JbMPY7/Gx7EjyK4NKxSW9n2hQ==",
      "license": "MIT",
      "funding": {
        "type": "github",
        "url": "https://github.com/sponsors/ueberdosis"
      },
      "peerDependencies": {
        "@tiptap/core": "3.31.3",
        "@tiptap/pm": "3.31.3"
      }
    },
    "node_modules/@tiptap/extension-bold": {
      "version": "3.31.3",
      "resolved": "https://registry.npmjs.org/@tiptap/extension-bold/-/extension-bold-3.31.3.tgz",
      "integrity": "sha512-dIuYhKk8TitKU/FeDpoTeWZhU42YgDN5npgWNjAmMmRktPdoxnH3/wGSiwXlqZgJWjehN7kPWDePWpJeAImGpQ==",
      "license": "MIT",
      "funding": {
        "type": "github",
        "url": "https://github.com/sponsors/ueberdosis"
      },
      "peerDependencies": {
        "@tiptap/core": "3.31.3"
      }
    },
    "node_modules/@tiptap/extension-bullet-list": {
      "version": "3.31.3",
      "resolved": "https://registry.npmjs.org/@tiptap/extension-bullet-list/-/extension-bullet-list-3.31.3.tgz",
      "integrity": "sha512-qEyyoPapPef4LO8XKaN83bxtaNzkJ4kFn/IxLnEKd4BJ3Mvi4MH2yJYlyDqwFnMoev4pMA1zBHRAt/C0THRmZw==",
      "license": "MIT",
      "funding": {
        "type": "github",
        "url": "https://github.com/sponsors/ueberdosis"
      },
      "peerDependencies": {
        "@tiptap/extension-list": "3.31.3"
      }
    },
    "node_modules/@tiptap/extension-code": {
      "version": "3.31.3",
      "resolved": "https://registry.npmjs.org/@tiptap/extension-code/-/extension-code-3.31.3.tgz",
      "integrity": "sha512-SzxOqchrD2AcN3uT67PjKmRFEMOU3vNNiwNaamZJUbZrI6Hmy+bvdHJrc3jrIddyyCrAtsnAfRI0cmorW1jGfg==",
      "license": "MIT",
      "funding": {
        "type": "github",
        "url": "https://github.com/sponsors/ueberdosis"
      },
      "peerDependencies": {
        "@tiptap/core": "3.31.3"
      }
    },
    "node_modules/@tiptap/extension-code-block": {
      "version": "3.31.3",
      "resolved": "https://registry.npmjs.org/@tiptap/extension-code-block/-/extension-code-block-3.31.3.tgz",
      "integrity": "sha512-nvknt4FhyJQjYcvxptmeUlFsIAc8ibua3E5BN4Pim374/9RWepH4cdE9X0/qUTtguHElLx0iKtSIY3rW2qGTFA==",
      "license": "MIT",
      "funding": {
        "type": "github",
        "url": "https://github.com/sponsors/ueberdosis"
      },
      "peerDependencies": {
        "@tiptap/core": "3.31.3",
        "@tiptap/pm": "3.31.3"
      }
    },
    "node_modules/@tiptap/extension-document": {
      "version": "3.31.3",
      "resolved": "https://registry.npmjs.org/@tiptap/extension-document/-/extension-document-3.31.3.tgz",
      "integrity": "sha512-EexgmqnyDNyGlISxo7SMrp5MygpJYmqD+0cY5jB6L1U6L4CpKKRWUt8OO1sWzEHDE1+TTvwt+WIFoIWAziOtEA==",
      "license": "MIT",
      "funding": {
        "type": "github",
        "url": "https://github.com/sponsors/ueberdosis"
      },
      "peerDependencies": {
        "@tiptap/core": "3.31.3"
      }
    },
    "node_modules/@tiptap/extension-dropcursor": {
      "version": "3.31.3",
      "resolved": "https://registry.npmjs.org/@tiptap/extension-dropcursor/-/extension-dropcursor-3.31.3.tgz",
      "integrity": "sha512-NWomSfu5CSC7VacnMSDzKT8qm66SzMfZwVPEtwY5bPpRTJgTiT1rNK0neDrrzfMN27MfylGyKWWf7Q5Qf8w/fg==",
      "license": "MIT",
      "funding": {
        "type": "github",
        "url": "https://github.com/sponsors/ueberdosis"
      },
      "peerDependencies": {
        "@tiptap/extensions": "3.31.3"
      }
    },
    "node_modules/@tiptap/extension-gapcursor": {
      "version": "3.31.3",
      "resolved": "https://registry.npmjs.org/@tiptap/extension-gapcursor/-/extension-gapcursor-3.31.3.tgz",
      "integrity": "sha512-EBXKb1FrVStsNYCcRGtd9jmzveCvR+eqgg1rVqoONrqFK6U7bga6LN+1dMKroP1kliDVgveYkP3vRYxqw+rFqg==",
      "license": "MIT",
      "funding": {
        "type": "github",
        "url": "https://github.com/sponsors/ueberdosis"
      },
      "peerDependencies": {
        "@tiptap/extensions": "3.31.3"
      }
    },
    "node_modules/@tiptap/extension-hard-break": {
      "version": "3.31.3",
      "resolved": "https://registry.npmjs.org/@tiptap/extension-hard-break/-/extension-hard-break-3.31.3.tgz",
      "integrity": "sha512-QAdCvNO4+yW9ATwsrej11NTkDYFqPLIEQr3ARNrKOK1qaiS7A0fia2SEukb/hrkP3A6mbozhoQt2r2RGUf/DpQ==",
      "license": "MIT",
      "funding": {
        "type": "github",
        "url": "https://github.com/sponsors/ueberdosis"
      },
      "peerDependencies": {
        "@tiptap/core": "3.31.3"
      }
    },
    "node_modules/@tiptap/extension-heading": {
      "version": "3.31.3",
      "resolved": "https://registry.npmjs.org/@tiptap/extension-heading/-/extension-heading-3.31.3.tgz",
      "integrity": "sha512-rk5VHMAeQcg06SLauN6EGdD2jc0O2qY8QkZYPd0LxNvLblw2BxBx+lxUQSYwLAT9Ie5914gKIK2YbRyO2Ts3ig==",
      "license": "MIT",
      "funding": {
        "type": "github",
        "url": "https://github.com/sponsors/ueberdosis"
      },
      "peerDependencies": {
        "@tiptap/core": "3.31.3"
      }
    },
    "node_modules/@tiptap/extension-horizontal-rule": {
      "version": "3.31.3",
      "resolved": "https://registry.npmjs.org/@tiptap/extension-horizontal-rule/-/extension-horizontal-rule-3.31.3.tgz",
      "integrity": "sha512-YnHGy2KShRwvCseAmmxl9VP7R0qaj8QMp3DA6DJWZqp7r5gLGvDkAqhedxqqefqsE4Y43hjkBdjtB9Ce78LkIw==",
      "license": "MIT",
      "funding": {
        "type": "github",
        "url": "https://github.com/sponsors/ueberdosis"
      },
      "peerDependencies": {
        "@tiptap/core": "3.31.3",
        "@tiptap/pm": "3.31.3"
      }
    },
    "node_modules/@tiptap/extension-italic": {
      "version": "3.31.3",
      "resolved": "https://registry.npmjs.org/@tiptap/extension-italic/-/extension-italic-3.31.3.tgz",
      "integrity": "sha512-ibGvdvAPyfxBMUVNRI43eb9h2/Jka1MRG5GtnGqbcCX/2+Y/y0EOfFrPQPkuYphiWQYyu9+FzPKMB/pjuaLuKQ==",
      "license": "MIT",
      "funding": {
        "type": "github",
        "url": "https://github.com/sponsors/ueberdosis"
      },
      "peerDependencies": {
        "@tiptap/core": "3.31.3"
      }
    },
    "node_modules/@tiptap/extension-link": {
      "version": "3.31.3",
      "resolved": "https://registry.npmjs.org/@tiptap/extension-link/-/extension-link-3.31.3.tgz",
      "integrity": "sha512-986wOQzTL9Zr5lf84LCLpm+YOms8A0K39/8DVoqRfebqcOe0/eq4bnztmAlfabOd+kJY92g3AgZERFUx/w+dcw==",
      "license": "MIT",
      "dependencies": {
        "linkifyjs": "^4.3.3"
      },
      "funding": {
        "type": "github",
        "url": "https://github.com/sponsors/ueberdosis"
      },
      "peerDependencies": {
        "@tiptap/core": "3.31.3",
        "@tiptap/pm": "3.31.3"
      }
    },
    "node_modules/@tiptap/extension-list": {
      "version": "3.31.3",
      "resolved": "https://registry.npmjs.org/@tiptap/extension-list/-/extension-list-3.31.3.tgz",
      "integrity": "sha512-LoveGnC0FVdCV4jUNBaG1ZA+KWE07+adzV3kGy6uUYFcJEjbVUHTnPDrBOob3IwOSO3sCwIkvQb6EVYeXn/4yg==",
      "license": "MIT",
      "funding": {
        "type": "github",
        "url": "https://github.com/sponsors/ueberdosis"
      },
      "peerDependencies": {
        "@tiptap/core": "3.31.3",
        "@tiptap/pm": "3.31.3"
      }
    },
    "node_modules/@tiptap/extension-list-item": {
      "version": "3.31.3",
      "resolved": "https://registry.npmjs.org/@tiptap/extension-list-item/-/extension-list-item-3.31.3.tgz",
      "integrity": "sha512-4QlKOriJJMvg95QJTEsy9BUYPBQ6UvJyb8WURRwdUtQUkkqb8h32lg/eyQUv2FzW9IT1AdUyNZfVaxH64kRfQA==",
      "license": "MIT",
      "funding": {
        "type": "github",
        "url": "https://github.com/sponsors/ueberdosis"
      },
      "peerDependencies": {
        "@tiptap/extension-list": "3.31.3"
      }
    },
    "node_modules/@tiptap/extension-list-keymap": {
      "version": "3.31.3",
      "resolved": "https://registry.npmjs.org/@tiptap/extension-list-keymap/-/extension-list-keymap-3.31.3.tgz",
      "integrity": "sha512-If8UOEdDZbPJU6iYTvLtH6DOp2KBy6BKxg9UELL1AevVetGHEF/7lW8hP50Gn1tHMVpPRqmhSzVrJRpEJJgb/Q==",
      "license": "MIT",
      "funding": {
        "type": "github",
        "url": "https://github.com/sponsors/ueberdosis"
      },
      "peerDependencies": {
        "@tiptap/extension-list": "3.31.3"
      }
    },
    "node_modules/@tiptap/extension-ordered-list": {
      "version": "3.31.3",
      "resolved": "https://registry.npmjs.org/@tiptap/extension-ordered-list/-/extension-ordered-list-3.31.3.tgz",
      "integrity": "sha512-mp3g11NgA/PYu8rj7J7Ez3l4qBy6WfTSmHIG4PZvEGG5w2oUAIkgb9DU7nPPzjmeme27oazFYZw+AtZA0+u4tw==",
      "license": "MIT",
      "funding": {
        "type": "github",
        "url": "https://github.com/sponsors/ueberdosis"
      },
      "peerDependencies": {
        "@tiptap/extension-list": "3.31.3"
      }
    },
    "node_modules/@tiptap/extension-paragraph": {
      "version": "3.31.3",
      "resolved": "https://registry.npmjs.org/@tiptap/extension-paragraph/-/extension-paragraph-3.31.3.tgz",
      "integrity": "sha512-+iPku7wJfy5hbNDNLX8dveFtYVsZMmh7vztjuq8hT3mipSC4IByDehDbU8fzUCjfXiEzmI7mQn7c8LGmHULuzA==",
      "license": "MIT",
      "funding": {
        "type": "github",
        "url": "https://github.com/sponsors/ueberdosis"
      },
      "peerDependencies": {
        "@tiptap/core": "3.31.3"
      }
    },
    "node_modules/@tiptap/extension-strike": {
      "version": "3.31.3",
      "resolved": "https://registry.npmjs.org/@tiptap/extension-strike/-/extension-strike-3.31.3.tgz",
      "integrity": "sha512-G29bhKttYwcKHT+BI6emWVFol3RO/gUXxQVcmr/iT8LXXy7j8J6HFUnsKM+Kg5YlP1rxMRgsa65dbrQVahZi0A==",
      "license": "MIT",
      "funding": {
        "type": "github",
        "url": "https://github.com/sponsors/ueberdosis"
      },
      "peerDependencies": {
        "@tiptap/core": "3.31.3"
      }
    },
    "node_modules/@tiptap/extension-table": {
      "version": "3.31.3",
      "resolved": "https://registry.npmjs.org/@tiptap/extension-table/-/extension-table-3.31.3.tgz",
      "integrity": "sha512-7cnVPHhdiGGeauYqca6JVyPLTqZbqFEEk9nn2e2E8+fBo6zVtV07AktJBqth/XEzjZxcUmGxjoeuWYAisWjUHg==",
      "license": "MIT",
      "funding": {
        "type": "github",
        "url": "https://github.com/sponsors/ueberdosis"
      },
      "peerDependencies": {
        "@tiptap/core": "3.31.3",
        "@tiptap/pm": "3.31.3"
      }
    },
    "node_modules/@tiptap/extension-text": {
      "version": "3.31.3",
      "resolved": "https://registry.npmjs.org/@tiptap/extension-text/-/extension-text-3.31.3.tgz",
      "integrity": "sha512-gdsWtF+taeaCu6V+5Ct10fGo0ACUy1GnYtbb+mcathBt8OqbT+Ws60p/yEmKesBDz2Hn+B5IcWy6+2BBZl5ZTg==",
      "license": "MIT",
      "funding": {
        "type": "github",
        "url": "https://github.com/sponsors/ueberdosis"
      },
      "peerDependencies": {
        "@tiptap/core": "3.31.3"
      }
    },
    "node_modules/@tiptap/extension-underline": {
      "version": "3.31.3",
      "resolved": "https://registry.npmjs.org/@tiptap/extension-underline/-/extension-underline-3.31.3.tgz",
      "integrity": "sha512-HghdJaOwRqYzsAxqSyNyb+IWyOMcdCl8IoiBETA9BZCJAqdXzFLcuWp7CqCqJPam9dgkWosSoHqTCAO4nTBfpw==",
      "license": "MIT",
      "funding": {
        "type": "github",
        "url": "https://github.com/sponsors/ueberdosis"
      },
      "peerDependencies": {
        "@tiptap/core": "3.31.3"
      }
    },
    "node_modules/@tiptap/extensions": {
      "version": "3.31.3",
      "resolved": "https://registry.npmjs.org/@tiptap/extensions/-/extensions-3.31.3.tgz",
      "integrity": "sha512-8sJNPGGUe8f3aDojcOW5cfVL7I5NrBbE0UWxG08qoi9Tea6qWbvQJsCR9tsrOapr/DaLr3kpbGZ9s1gEEfcNcA==",
      "license": "MIT",
      "funding": {
        "type": "github",
        "url": "https://github.com/sponsors/ueberdosis"
      },
      "peerDependencies": {
        "@tiptap/core": "3.31.3",
        "@tiptap/pm": "3.31.3"
      }
    },
    "node_modules/@tiptap/markdown": {
      "version": "3.31.3",
      "resolved": "https://registry.npmjs.org/@tiptap/markdown/-/markdown-3.31.3.tgz",
      "integrity": "sha512-rBbYSxasseUoaBo15C8Yoaqafo7mJJzxwAwV9Z1OpLBvOroW9nQ0EbOdqaSYRw3/d9pP71B/3LNSzKyfyy+dpQ==",
      "license": "MIT",
      "dependencies": {
        "marked": "^17.0.1"
      },
      "funding": {
        "type": "github",
        "url": "https://github.com/sponsors/ueberdosis"
      },
      "peerDependencies": {
        "@tiptap/core": "3.31.3",
        "@tiptap/pm": "3.31.3"
      }
    },
    "node_modules/@tiptap/pm": {
      "version": "3.31.3",
      "resolved": "https://registry.npmjs.org/@tiptap/pm/-/pm-3.31.3.tgz",
      "integrity": "sha512-sZime0SWsz/k62W2WvHx5Ig7G2h7kVhrrmnqy+wEgIHfDwEfOlelRjaWCiBCFlF7dxGUntJusCh9FxlLhni0Ag==",
      "license": "MIT",
      "dependencies": {
        "prosemirror-changeset": "^2.4.1",
        "prosemirror-commands": "^1.7.1",
        "prosemirror-dropcursor": "^1.8.2",
        "prosemirror-gapcursor": "^1.4.1",
        "prosemirror-history": "^1.5.0",
        "prosemirror-inputrules": "^1.5.1",
        "prosemirror-keymap": "^1.2.3",
        "prosemirror-model": "^1.25.11",
        "prosemirror-schema-list": "^1.5.1",
        "prosemirror-state": "^1.4.4",
        "prosemirror-tables": "^1.8.5",
        "prosemirror-transform": "^1.12.0",
        "prosemirror-view": "^1.42.3"
      },
      "funding": {
        "type": "github",
        "url": "https://github.com/sponsors/ueberdosis"
      }
    },
    "node_modules/@tiptap/starter-kit": {
      "version": "3.31.3",
      "resolved": "https://registry.npmjs.org/@tiptap/starter-kit/-/starter-kit-3.31.3.tgz",
      "integrity": "sha512-WKof9RewdmGHvWJ1wn0/HVNG2mV+HOgVRyJkKekuM9fgr6BZAAH/xZsWE1eon+94JnQ+KtK2ThydXQM/qc6b2A==",
      "license": "MIT",
      "dependencies": {
        "@tiptap/core": "3.31.3",
        "@tiptap/extension-blockquote": "3.31.3",
        "@tiptap/extension-bold": "3.31.3",
        "@tiptap/extension-bullet-list": "3.31.3",
        "@tiptap/extension-code": "3.31.3",
        "@tiptap/extension-code-block": "3.31.3",
        "@tiptap/extension-document": "3.31.3",
        "@tiptap/extension-dropcursor": "3.31.3",
        "@tiptap/extension-gapcursor": "3.31.3",
        "@tiptap/extension-hard-break": "3.31.3",
        "@tiptap/extension-heading": "3.31.3",
        "@tiptap/extension-horizontal-rule": "3.31.3",
        "@tiptap/extension-italic": "3.31.3",
        "@tiptap/extension-link": "3.31.3",
        "@tiptap/extension-list": "3.31.3",
        "@tiptap/extension-list-item": "3.31.3",
        "@tiptap/extension-list-keymap": "3.31.3",
        "@tiptap/extension-ordered-list": "3.31.3",
        "@tiptap/extension-paragraph": "3.31.3",
        "@tiptap/extension-strike": "3.31.3",
        "@tiptap/extension-text": "3.31.3",
        "@tiptap/extension-underline": "3.31.3",
        "@tiptap/extensions": "3.31.3",
        "@tiptap/pm": "3.31.3"
      },
      "funding": {
        "type": "github",
        "url": "https://github.com/sponsors/ueberdosis"
      }
    },
    "node_modules/@types/node": {
      "version": "26.6.3",
      "resolved": "https://registry.npmjs.org/@types/node/-/node-26.6.3.tgz",
      "integrity": "sha512-dsqMQQoeTLqu9wynDD00q573mNzso3IdQOAfHRJqLCcmCFPoGo9A1bDpUcv/9tnKpErQWv9uKeGfl37EIS02Yg==",
      "dev": true,
      "license": "MIT",
      "dependencies": {
        "undici-types": "~8.9.0"
      }
    },
    "node_modules/@types/whatwg-mimetype": {
      "version": "3.0.2",
      "resolved": "https://registry.npmjs.org/@types/whatwg-mimetype/-/whatwg-mimetype-3.0.2.tgz",
      "integrity": "sha512-c2AKvDT8ToxLIOUlN51gTiHXflsfIFisS4pO7pDPoKouJCESkhZnEy623gwP9laCy5lnLDAw1vAzu2vM2YLOrA==",
      "dev": true,
      "license": "MIT"
    },
    "node_modules/@types/ws": {
      "version": "8.18.2",
      "resolved": "https://registry.npmjs.org/@types/ws/-/ws-8.18.2.tgz",
      "integrity": "sha512-67MQl+fpWKVTT1NYdnmo3U4sc/xPo/zQBncVnI74qmQa0z/b+1g6iYqNmGCPbxO+zz2aklb08a0oHfegiVd0/w==",
      "dev": true,
      "license": "MIT",
      "dependencies": {
        "@types/node": "*"
      }
    },
    "node_modules/buffer-image-size": {
      "version": "0.6.4",
      "resolved": "https://registry.npmjs.org/buffer-image-size/-/buffer-image-size-0.6.4.tgz",
      "integrity": "sha512-nEh+kZOPY1w+gcCMobZ6ETUp9WfibndnosbpwB1iJk/8Gt5ZF2bhS6+B6bPYz424KtwsR6Rflc3tCz1/ghX2dQ==",
      "dev": true,
      "license": "MIT",
      "dependencies": {
        "@types/node": "*"
      },
      "engines": {
        "node": ">=4.0"
      }
    },
    "node_modules/entities": {
      "version": "7.0.1",
      "resolved": "https://registry.npmjs.org/entities/-/entities-7.0.1.tgz",
      "integrity": "sha512-TWrgLOFUQTH994YUyl1yT4uyavY5nNB5muff+RtWaqNVCAK408b5ZnnbNAUEWLTCpum9w6arT70i1XdQ4UeOPA==",
      "dev": true,
      "license": "BSD-2-Clause",
      "engines": {
        "node": ">=0.12"
      },
      "funding": {
        "url": "https://github.com/fb55/entities?sponsor=1"
      }
    },
    "node_modules/happy-dom": {
      "version": "20.14.5",
      "resolved": "https://registry.npmjs.org/happy-dom/-/happy-dom-20.14.5.tgz",
      "integrity": "sha512-x/RzkpWO40bTjIoT30iQtt64FLLmH/iRcUCN2X//bLx7H3ifkdfPXyqsro/OYtqzIAhiLMMA7mmiOR9C3NOKjQ==",
      "dev": true,
      "license": "MIT",
      "dependencies": {
        "@types/node": ">=20.0.0",
        "@types/whatwg-mimetype": "^3.0.2",
        "@types/ws": "^8.18.1",
        "buffer-image-size": "^0.6.4",
        "entities": "^7.0.1",
        "whatwg-mimetype": "^3.0.0",
        "ws": "^8.21.0"
      },
      "engines": {
        "node": ">=20.0.0"
      }
    },
    "node_modules/linkifyjs": {
      "version": "4.3.3",
      "resolved": "https://registry.npmjs.org/linkifyjs/-/linkifyjs-4.3.3.tgz",
      "integrity": "sha512-P8aEP5U/D1/IlTY2OeYsErdwh9bGuLE30NcXtKEjgdHcahveQoQwM2yZNsioQHsWFz0P7KKudisbrzCgR0sDHg==",
      "license": "MIT"
    },
    "node_modules/marked": {
      "version": "17.0.6",
      "resolved": "https://registry.npmjs.org/marked/-/marked-17.0.6.tgz",
      "integrity": "sha512-gB0gkNafnonOw0obSTEGZTT86IuhILt2Wfx0mWH/1Au83kybTayroZ/V6nS25mN7u8ASy+5fMhgB3XPNrOZdmA==",
      "license": "MIT",
      "bin": {
        "marked": "bin/marked.js"
      },
      "engines": {
        "node": ">= 20"
      }
    },
    "node_modules/orderedmap": {
      "version": "2.1.1",
      "resolved": "https://registry.npmjs.org/orderedmap/-/orderedmap-2.1.1.tgz",
      "integrity": "sha512-TvAWxi0nDe1j/rtMcWcIj94+Ffe6n7zhow33h40SKxmsmozs6dz/e+EajymfoFcHd7sxNn8yHM8839uixMOV6g==",
      "license": "MIT"
    },
    "node_modules/prosemirror-changeset": {
      "version": "2.4.4",
      "resolved": "https://registry.npmjs.org/prosemirror-changeset/-/prosemirror-changeset-2.4.4.tgz",
      "integrity": "sha512-Gyuz9jYdrAeA9I7AholyOes9KUmv/lEwsC5O9s5xF5VB3EgTPsXMGUxz4+H1B+wKVPdZbvRcg1Cp3x8qX+8ofA==",
      "license": "MIT",
      "dependencies": {
        "prosemirror-transform": "^1.0.0"
      }
    },
    "node_modules/prosemirror-commands": {
      "version": "1.7.2",
      "resolved": "https://registry.npmjs.org/prosemirror-commands/-/prosemirror-commands-1.7.2.tgz",
      "integrity": "sha512-q6Q6szxqdu9Xd6EcdKsqXghu5nQdZTpB4Q9yd04WRc7/jt763e/rT60Owh0L1GYY+T46o5rD+9lEN36dZS43tw==",
      "license": "MIT",
      "dependencies": {
        "prosemirror-model": "^1.0.0",
        "prosemirror-state": "^1.0.0",
        "prosemirror-transform": "^1.10.2"
      }
    },
    "node_modules/prosemirror-dropcursor": {
      "version": "1.8.4",
      "resolved": "https://registry.npmjs.org/prosemirror-dropcursor/-/prosemirror-dropcursor-1.8.4.tgz",
      "integrity": "sha512-VmKxhcA6a+h5oPSYmfF1ZNeQqPbyYaIxqZsKqeYCyTlPtrjUgNaHL3P8vVaO19oqAV0zuaM/axkowZHrB1P3Tg==",
      "license": "MIT",
      "dependencies": {
        "prosemirror-state": "^1.0.0",
        "prosemirror-transform": "^1.1.0",
        "prosemirror-view": "^1.1.0"
      }
    },
    "node_modules/prosemirror-gapcursor": {
      "version": "1.4.1",
      "resolved": "https://registry.npmjs.org/prosemirror-gapcursor/-/prosemirror-gapcursor-1.4.1.tgz",
      "integrity": "sha512-pMdYaEnjNMSwl11yjEGtgTmLkR08m/Vl+Jj443167p9eB3HVQKhYCc4gmHVDsLPODfZfjr/MmirsdyZziXbQKw==",
      "license": "MIT",
      "dependencies": {
        "prosemirror-keymap": "^1.0.0",
        "prosemirror-model": "^1.0.0",
        "prosemirror-state": "^1.0.0",
        "prosemirror-view": "^1.0.0"
      }
    },
    "node_modules/prosemirror-history": {
      "version": "1.5.1",
      "resolved": "https://registry.npmjs.org/prosemirror-history/-/prosemirror-history-1.5.1.tgz",
      "integrity": "sha512-onlwnqKvgtFg6srZOmDOAhlAy1FIHQpOExORybX0S+DvJepE5tPALrB9iGet/2sqqqrelSnB10OoiOJqAvu2DA==",
      "license": "MIT",
      "dependencies": {
        "prosemirror-state": "^1.2.2",
        "prosemirror-transform": "^1.0.0",
        "prosemirror-view": "^1.31.0",
        "rope-sequence": "^1.3.0"
      }
    },
    "node_modules/prosemirror-inputrules": {
      "version": "1.5.1",
      "resolved": "https://registry.npmjs.org/prosemirror-inputrules/-/prosemirror-inputrules-1.5.1.tgz",
      "integrity": "sha512-7wj4uMjKaXWAQ1CDgxNzNtR9AlsuwzHfdFH1ygEHA2KHF2DOEaXl1CJfNPAKCg9qNEh4rum975QLaCiQPyY6Fw==",
      "license": "MIT",
      "dependencies": {
        "prosemirror-state": "^1.0.0",
        "prosemirror-transform": "^1.0.0"
      }
    },
    "node_modules/prosemirror-keymap": {
      "version": "1.2.3",
      "resolved": "https://registry.npmjs.org/prosemirror-keymap/-/prosemirror-keymap-1.2.3.tgz",
      "integrity": "sha512-4HucRlpiLd1IPQQXNqeo81BGtkY8Ai5smHhKW9jjPKRc2wQIxksg7Hl1tTI2IfT2B/LgX6bfYvXxEpJl7aKYKw==",
      "license": "MIT",
      "dependencies": {
        "prosemirror-state": "^1.0.0",
        "w3c-keyname": "^2.2.0"
      }
    },
    "node_modules/prosemirror-model": {
      "version": "1.25.12",
      "resolved": "https://registry.npmjs.org/prosemirror-model/-/prosemirror-model-1.25.12.tgz",
      "integrity": "sha512-Ue2gTmXMa7EhpLNhC7J+h4+ykD8ha12K6rrZFFKKJHBForfIStw5gJ6Zrf1mqqAa9NmpmEB4wp9bKmA4eUVjWg==",
      "license": "MIT",
      "dependencies": {
        "orderedmap": "^2.0.0"
      }
    },
    "node_modules/prosemirror-schema-list": {
      "version": "1.5.1",
      "resolved": "https://registry.npmjs.org/prosemirror-schema-list/-/prosemirror-schema-list-1.5.1.tgz",
      "integrity": "sha512-927lFx/uwyQaGwJxLWCZRkjXG0p48KpMj6ueoYiu4JX05GGuGcgzAy62dfiV8eFZftgyBUvLx76RsMe20fJl+Q==",
      "license": "MIT",
      "dependencies": {
        "prosemirror-model": "^1.0.0",
        "prosemirror-state": "^1.0.0",
        "prosemirror-transform": "^1.7.3"
      }
    },
    "node_modules/prosemirror-state": {
      "version": "1.4.4",
      "resolved": "https://registry.npmjs.org/prosemirror-state/-/prosemirror-state-1.4.4.tgz",
      "integrity": "sha512-6jiYHH2CIGbCfnxdHbXZ12gySFY/fz/ulZE333G6bPqIZ4F+TXo9ifiR86nAHpWnfoNjOb3o5ESi7J8Uz1jXHw==",
      "license": "MIT",
      "dependencies": {
        "prosemirror-model": "^1.0.0",
        "prosemirror-transform": "^1.0.0",
        "prosemirror-view": "^1.27.0"
      }
    },
    "node_modules/prosemirror-tables": {
      "version": "1.8.5",
      "resolved": "https://registry.npmjs.org/prosemirror-tables/-/prosemirror-tables-1.8.5.tgz",
      "integrity": "sha512-V/0cDCsHKHe/tfWkeCmthNUcEp1IVO3p6vwN8XtwE9PZQLAZJigbw3QoraAdfJPir4NKJtNvOB8oYGKRl+t0Dw==",
      "license": "MIT",
      "dependencies": {
        "prosemirror-keymap": "^1.2.3",
        "prosemirror-model": "^1.25.4",
        "prosemirror-state": "^1.4.4",
        "prosemirror-transform": "^1.10.5",
        "prosemirror-view": "^1.41.4"
      }
    },
    "node_modules/prosemirror-transform": {
      "version": "1.12.2",
      "resolved": "https://registry.npmjs.org/prosemirror-transform/-/prosemirror-transform-1.12.2.tgz",
      "integrity": "sha512-PE/aY0HEY4zczvmqrilgkUK/WautF0chvMqkmM/iN5/aPHvwrCWaQZjS6CIZp+K84YrvPFqrL+YArrfJX8xX7g==",
      "license": "MIT",
      "dependencies": {
        "prosemirror-model": "^1.21.0"
      }
    },
    "node_modules/prosemirror-view": {
      "version": "1.42.6",
      "resolved": "https://registry.npmjs.org/prosemirror-view/-/prosemirror-view-1.42.6.tgz",
      "integrity": "sha512-3g25f6hKV2bBxo3puH3EcYWmmVNSH0iWmNsMVT7sugDSpA025jgpOLarcDWr39SdzPjYMaiYtRdNtXialPSjEQ==",
      "license": "MIT",
      "dependencies": {
        "prosemirror-model": "^1.25.12",
        "prosemirror-state": "^1.0.0",
        "prosemirror-transform": "^1.1.0"
      }
    },
    "node_modules/rope-sequence": {
      "version": "1.3.4",
      "resolved": "https://registry.npmjs.org/rope-sequence/-/rope-sequence-1.3.4.tgz",
      "integrity": "sha512-UT5EDe2cu2E/6O4igUr5PSFs23nvvukicWHx6GnOPlHAiiYbzNuCRQCuiUdHJQcqKalLKlrYJnjY0ySGsXNQXQ==",
      "license": "MIT"
    },
    "node_modules/undici-types": {
      "version": "8.9.0",
      "resolved": "https://registry.npmjs.org/undici-types/-/undici-types-8.9.0.tgz",
      "integrity": "sha512-KTDyRTYX8sWmKXAikPHHSyc63CRPETMctyjKFupcC6OBLXT3xsN0e9aF7m+mIXutFWpUXuedtowG7iLOzp0kQg==",
      "dev": true,
      "license": "MIT"
    },
    "node_modules/w3c-keyname": {
      "version": "2.2.8",
      "resolved": "https://registry.npmjs.org/w3c-keyname/-/w3c-keyname-2.2.8.tgz",
      "integrity": "sha512-dpojBhNsCNN7T82Tm7k26A6G9ML3NkhDsnw9n/eoxSRlVBB4CEtIQ/KTCLI2Fwf3ataSXRhYFkQi3SlnFwPvPQ==",
      "license": "MIT"
    },
    "node_modules/whatwg-mimetype": {
      "version": "3.0.0",
      "resolved": "https://registry.npmjs.org/whatwg-mimetype/-/whatwg-mimetype-3.0.0.tgz",
      "integrity": "sha512-nt+N2dzIutVRxARx1nghPKGv1xHikU7HKdfafKkLNLindmPU/ch3U31NOCGGA/dmPcmb1VlofO0vnKAcsm0o/Q==",
      "dev": true,
      "license": "MIT",
      "engines": {
        "node": ">=12"
      }
    },
    "node_modules/ws": {
      "version": "8.22.0",
      "resolved": "https://registry.npmjs.org/ws/-/ws-8.22.0.tgz",
      "integrity": "sha512-Ydggc987+RO0AnWtZ/7Wq9FtNvcrL1b/RO0ud9mWjUPgDrsAAwQSF51sm2hm1XofbU/4jkpGEsLFsZZxU+1DOg==",
      "dev": true,
      "license": "MIT",
      "engines": {
        "node": ">=10.0.0"
      },
      "peerDependencies": {
        "bufferutil": "^4.0.1",
        "utf-8-validate": ">=5.0.2"
      },
      "peerDependenciesMeta": {
        "bufferutil": {
          "optional": true
        },
        "utf-8-validate": {
          "optional": true
        }
      }
    }
  }
}
